
Microsoft Visual Studio Solution File, Format Version 12.00
# Visual Studio Version 16
VisualStudioVersion = 16.0.31313.79
MinimumVisualStudioVersion = 10.0.40219.1
Project("{FAE04EC0-301F-11D3-BF4B-00C04F79EFBC}") = "WebApplication", "WebApplication.csproj", "{7EFAB02A-B064-4AA4-89EF-4996D3A34462}"
EndProject
Project("{FAE04EC0-301F-11D3-BF4B-00C04F79EFBC}") = "EntityCFP", "..\EntityCFP\EntityCFP.csproj", "{8C61C113-D14F-4ACC-B8BD-4DBC39524BA9}"
EndProject
Project("{FAE04EC0-301F-11D3-BF4B-00C04F79EFBC}") = "WebScrapper", "..\WebScrapper\WebScrapper.csproj", "{6562AB71-8A2A-472C-B73C-1ED7E35FA3D3}"
EndProject
Global
	GlobalSection(SolutionConfigurationPlatforms) = preSolution
		Debug|Any CPU = Debug|Any CPU
		Release|Any CPU = Release|Any CPU
	EndGlobalSection
	GlobalSection(ProjectConfigurationPlatforms) = postSolution
		{7EFAB02A-B064-4AA4-89EF-4996D3A34462}.Debug|Any CPU.ActiveCfg = Debug|Any CPU
		{7EFAB02A-B064-4AA4-89EF-4996D3A34462}.Debug|Any CPU.Build.0 = Debug|Any CPU
		{7EFAB02A-B064-4AA4-89EF-4996D3A34462}.Release|Any CPU.ActiveCfg = Release|Any CPU
		{7EFAB02A-B064-4AA4-89EF-4996D3A34462}.Release|Any CPU.Build.0 = Release|Any CPU
		{8C61C113-D14F-4ACC-B8BD-4DBC39524BA9}.Debug|Any CPU.ActiveCfg = Debug|Any CPU
		{8C61C113-D14F-4ACC-B8BD-4DBC39524BA9}.Debug|Any CPU.Build.0 = Debug|Any CPU
		{8C61C113-D14F-4ACC-B8BD-4DBC39524BA9}.Release|Any CPU.ActiveCfg = Release|Any CPU
		{8C61C113-D14F-4ACC-B8BD-4DBC39524BA9}.Release|Any CPU.Build.0 = Release|Any CPU
		{6562AB71-8A2A-472C-B73C-1ED7E35FA3D3}.Debug|Any CPU.ActiveCfg = Debug|Any CPU
		{6562AB71-8A2A-472C-B73C-1ED7E35FA3D3}.Debug|Any CPU.Build.0 = Debug|Any CPU
		{6562AB71-8A2A-472C-B73C-1ED7E35FA3D3}.Release|Any CPU.ActiveCfg = Release|Any CPU
		{6562AB71-8A2A-472C-B73C-1ED7E35FA3D3}.Release|Any CPU.Build.0 = Release|Any CPU
	EndGlobalSection
	GlobalSection(SolutionProperties) = preSolution
		HideSolutionNode = FALSE
	EndGlobalSection
	GlobalSection(ExtensibilityGlobals) = postSolution
		SolutionGuid = {BA5BA913-31B4-4F92-A3C6-06FD1C972479}
	EndGlobalSection
EndGlobal
